# This file was autogenerated by Stack.
# You should not edit this file by hand.
# For more information, please see the documentation at:
#   https://docs.haskellstack.org/en/stable/lock_files

packages:
- completed:
    hackage: command-0.1.1@sha256:5232b98c195bc3b8a6f35c55ccd2fa424abe355ca54cfcd836bbe7e494834773,1110
    pantry-tree:
      size: 167
      sha256: 1ecfeb4b1367de6b489dbda20be05df78beb07f71d7c0b1f471fab1cd9c8044a
  original:
    hackage: command-0.1.1@sha256:5232b98c195bc3b8a6f35c55ccd2fa424abe355ca54cfcd836bbe7e494834773,1110
- completed:
    hackage: posix-escape-0.1@sha256:adbb650397cd8685ea220b40739ee80d4e8329643a98aa2993a6f13a598bd18c,1160
    pantry-tree:
      size: 386
      sha256: e9824c495e3e2a3a1f737b5d2fcdd0ea1ce6b2919cec252c1ef7ca3b19dedf57
  original:
    hackage: posix-escape-0.1@sha256:adbb650397cd8685ea220b40739ee80d4e8329643a98aa2993a6f13a598bd18c,1160
snapshots:
- completed:
    size: 532383
    url: https://raw.githubusercontent.com/commercialhaskell/stackage-snapshots/master/lts/16/10.yaml
    sha256: 469d781ab6d2a4eceed6b31b6e4ec842dcd3cd1d11577972e86902603dce24df
  original: lts-16.10
